
Microsoft Visual Studio Solution File, Format Version 12.00
# Visual Studio 14
VisualStudioVersion = 14.0.25420.1
MinimumVisualStudioVersion = 10.0.40219.1
Project("{FAE04EC0-301F-11D3-BF4B-00C04F79EFBC}") = "App4.Droid", "App4\App4.Droid\App4.Droid.csproj", "{8B0312A1-965C-4AEC-BF5D-1890013FF9BF}"
EndProject
Project("{FAE04EC0-301F-11D3-BF4B-00C04F79EFBC}") = "App4.iOS", "App4\App4.iOS\App4.iOS.csproj", "{E33283BA-F39F-4165-B7F4-E61B4F889D60}"
EndProject
Project("{FAE04EC0-301F-11D3-BF4B-00C04F79EFBC}") = "App4", "App4\App4\App4.csproj", "{CF32CA45-4420-47F1-B0C2-351257C6AD8A}"
EndProject
Global
	GlobalSection(SolutionConfigurationPlatforms) = preSolution
		Ad-Hoc|Any CPU = Ad-Hoc|Any CPU
		Ad-Hoc|ARM = Ad-Hoc|ARM
		Ad-Hoc|iPhone = Ad-Hoc|iPhone
		Ad-Hoc|iPhoneSimulator = Ad-Hoc|iPhoneSimulator
		Ad-Hoc|x64 = Ad-Hoc|x64
		Ad-Hoc|x86 = Ad-Hoc|x86
		AppStore|Any CPU = AppStore|Any CPU
		AppStore|ARM = AppStore|ARM
		AppStore|iPhone = AppStore|iPhone
		AppStore|iPhoneSimulator = AppStore|iPhoneSimulator
		AppStore|x64 = AppStore|x64
		AppStore|x86 = AppStore|x86
		Debug|Any CPU = Debug|Any CPU
		Debug|ARM = Debug|ARM
		Debug|iPhone = Debug|iPhone
		Debug|iPhoneSimulator = Debug|iPhoneSimulator
		Debug|x64 = Debug|x64
		Debug|x86 = Debug|x86
		Release|Any CPU = Release|Any CPU
		Release|ARM = Release|ARM
		Release|iPhone = Release|iPhone
		Release|iPhoneSimulator = Release|iPhoneSimulator
		Release|x64 = Release|x64
		Release|x86 = Release|x86
	EndGlobalSection
	GlobalSection(ProjectConfigurationPlatforms) = postSolution
		{8B0312A1-965C-4AEC-BF5D-1890013FF9BF}.Ad-Hoc|Any CPU.ActiveCfg = Release|Any CPU
		{8B0312A1-965C-4AEC-BF5D-1890013FF9BF}.Ad-Hoc|Any CPU.Build.0 = Release|Any CPU
		{8B0312A1-965C-4AEC-BF5D-1890013FF9BF}.Ad-Hoc|Any CPU.Deploy.0 = Release|Any CPU
		{8B0312A1-965C-4AEC-BF5D-1890013FF9BF}.Ad-Hoc|ARM.ActiveCfg = Release|Any CPU
		{8B0312A1-965C-4AEC-BF5D-1890013FF9BF}.Ad-Hoc|ARM.Build.0 = Release|Any CPU
		{8B0312A1-965C-4AEC-BF5D-1890013FF9BF}.Ad-Hoc|ARM.Deploy.0 = Release|Any CPU
		{8B0312A1-965C-4AEC-BF5D-1890013FF9BF}.Ad-Hoc|iPhone.ActiveCfg = Release|Any CPU
		{8B0312A1-965C-4AEC-BF5D-1890013FF9BF}.Ad-Hoc|iPhone.Build.0 = Release|Any CPU
		{8B0312A1-965C-4AEC-BF5D-1890013FF9BF}.Ad-Hoc|iPhone.Deploy.0 = Release|Any CPU
		{8B0312A1-965C-4AEC-BF5D-1890013FF9BF}.Ad-Hoc|iPhoneSimulator.ActiveCfg = Release|Any CPU
		{8B0312A1-965C-4AEC-BF5D-1890013FF9BF}.Ad-Hoc|iPhoneSimulator.Build.0 = Release|Any CPU
		{8B0312A1-965C-4AEC-BF5D-1890013FF9BF}.Ad-Hoc|iPhoneSimulator.Deploy.0 = Release|Any CPU
		{8B0312A1-965C-4AEC-BF5D-1890013FF9BF}.Ad-Hoc|x64.ActiveCfg = Release|Any CPU
		{8B0312A1-965C-4AEC-BF5D-1890013FF9BF}.Ad-Hoc|x64.Build.0 = Release|Any CPU
		{8B0312A1-965C-4AEC-BF5D-1890013FF9BF}.Ad-Hoc|x64.Deploy.0 = Release|Any CPU
		{8B0312A1-965C-4AEC-BF5D-1890013FF9BF}.Ad-Hoc|x86.ActiveCfg = Release|Any CPU
		{8B0312A1-965C-4AEC-BF5D-1890013FF9BF}.Ad-Hoc|x86.Build.0 = Release|Any CPU
		{8B0312A1-965C-4AEC-BF5D-1890013FF9BF}.Ad-Hoc|x86.Deploy.0 = Release|Any CPU
		{8B0312A1-965C-4AEC-BF5D-1890013FF9BF}.AppStore|Any CPU.ActiveCfg = Release|Any CPU
		{8B0312A1-965C-4AEC-BF5D-1890013FF9BF}.AppStore|Any CPU.Build.0 = Release|Any CPU
		{8B0312A1-965C-4AEC-BF5D-1890013FF9BF}.AppStore|Any CPU.Deploy.0 = Release|Any CPU
		{8B0312A1-965C-4AEC-BF5D-1890013FF9BF}.AppStore|ARM.ActiveCfg = Release|Any CPU
		{8B0312A1-965C-4AEC-BF5D-1890013FF9BF}.AppStore|ARM.Build.0 = Release|Any CPU
		{8B0312A1-965C-4AEC-BF5D-1890013FF9BF}.AppStore|ARM.Deploy.0 = Release|Any CPU
		{8B0312A1-965C-4AEC-BF5D-1890013FF9BF}.AppStore|iPhone.ActiveCfg = Release|Any CPU
		{8B0312A1-965C-4AEC-BF5D-1890013FF9BF}.AppStore|iPhone.Build.0 = Release|Any CPU
		{8B0312A1-965C-4AEC-BF5D-1890013FF9BF}.AppStore|iPhone.Deploy.0 = Release|Any CPU
		{8B0312A1-965C-4AEC-BF5D-1890013FF9BF}.AppStore|iPhoneSimulator.ActiveCfg = Release|Any CPU
		{8B0312A1-965C-4AEC-BF5D-1890013FF9BF}.AppStore|iPhoneSimulator.Build.0 = Release|Any CPU
		{8B0312A1-965C-4AEC-BF5D-1890013FF9BF}.AppStore|iPhoneSimulator.Deploy.0 = Release|Any CPU
		{8B0312A1-965C-4AEC-BF5D-1890013FF9BF}.AppStore|x64.ActiveCfg = Release|Any CPU
		{8B0312A1-965C-4AEC-BF5D-1890013FF9BF}.AppStore|x64.Build.0 = Release|Any CPU
		{8B0312A1-965C-4AEC-BF5D-1890013FF9BF}.AppStore|x64.Deploy.0 = Release|Any CPU
		{8B0312A1-965C-4AEC-BF5D-1890013FF9BF}.AppStore|x86.ActiveCfg = Release|Any CPU
		{8B0312A1-965C-4AEC-BF5D-1890013FF9BF}.AppStore|x86.Build.0 = Release|Any CPU
		{8B0312A1-965C-4AEC-BF5D-1890013FF9BF}.AppStore|x86.Deploy.0 = Release|Any CPU
		{8B0312A1-965C-4AEC-BF5D-1890013FF9BF}.Debug|Any CPU.ActiveCfg = Debug|Any CPU
		{8B0312A1-965C-4AEC-BF5D-1890013FF9BF}.Debug|Any CPU.Build.0 = Debug|Any CPU
		{8B0312A1-965C-4AEC-BF5D-1890013FF9BF}.Debug|Any CPU.Deploy.0 = Debug|Any CPU
		{8B0312A1-965C-4AEC-BF5D-1890013FF9BF}.Debug|ARM.ActiveCfg = Debug|Any CPU
		{8B0312A1-965C-4AEC-BF5D-1890013FF9BF}.Debug|ARM.Build.0 = Debug|Any CPU
		{8B0312A1-965C-4AEC-BF5D-1890013FF9BF}.Debug|ARM.Deploy.0 = Debug|Any CPU
		{8B0312A1-965C-4AEC-BF5D-1890013FF9BF}.Debug|iPhone.ActiveCfg = Debug|Any CPU
		{8B0312A1-965C-4AEC-BF5D-1890013FF9BF}.Debug|iPhone.Build.0 = Debug|Any CPU
		{8B0312A1-965C-4AEC-BF5D-1890013FF9BF}.Debug|iPhone.Deploy.0 = Debug|Any CPU
		{8B0312A1-965C-4AEC-BF5D-1890013FF9BF}.Debug|iPhoneSimulator.ActiveCfg = Debug|Any CPU
		{8B0312A1-965C-4AEC-BF5D-1890013FF9BF}.Debug|iPhoneSimulator.Build.0 = Debug|Any CPU
		{8B0312A1-965C-4AEC-BF5D-1890013FF9BF}.Debug|iPhoneSimulator.Deploy.0 = Debug|Any CPU
		{8B0312A1-965C-4AEC-BF5D-1890013FF9BF}.Debug|x64.ActiveCfg = Debug|Any CPU
		{8B0312A1-965C-4AEC-BF5D-1890013FF9BF}.Debug|x64.Build.0 = Debug|Any CPU
		{8B0312A1-965C-4AEC-BF5D-1890013FF9BF}.Debug|x64.Deploy.0 = Debug|Any CPU
		{8B0312A1-965C-4AEC-BF5D-1890013FF9BF}.Debug|x86.ActiveCfg = Debug|Any CPU
		{8B0312A1-965C-4AEC-BF5D-1890013FF9BF}.Debug|x86.Build.0 = Debug|Any CPU
		{8B0312A1-965C-4AEC-BF5D-1890013FF9BF}.Debug|x86.Deploy.0 = Debug|Any CPU
		{8B0312A1-965C-4AEC-BF5D-1890013FF9BF}.Release|Any CPU.ActiveCfg = Release|Any CPU
		{8B0312A1-965C-4AEC-BF5D-1890013FF9BF}.Release|Any CPU.Build.0 = Release|Any CPU
		{8B0312A1-965C-4AEC-BF5D-1890013FF9BF}.Release|Any CPU.Deploy.0 = Release|Any CPU
		{8B0312A1-965C-4AEC-BF5D-1890013FF9BF}.Release|ARM.ActiveCfg = Release|Any CPU
		{8B0312A1-965C-4AEC-BF5D-1890013FF9BF}.Release|ARM.Build.0 = Release|Any CPU
		{8B0312A1-965C-4AEC-BF5D-1890013FF9BF}.Release|ARM.Deploy.0 = Release|Any CPU
		{8B0312A1-965C-4AEC-BF5D-1890013FF9BF}.Release|iPhone.ActiveCfg = Release|Any CPU
		{8B0312A1-965C-4AEC-BF5D-1890013FF9BF}.Release|iPhone.Build.0 = Release|Any CPU
		{8B0312A1-965C-4AEC-BF5D-1890013FF9BF}.Release|iPhone.Deploy.0 = Release|Any CPU
		{8B0312A1-965C-4AEC-BF5D-1890013FF9BF}.Release|iPhoneSimulator.ActiveCfg = Release|Any CPU
		{8B0312A1-965C-4AEC-BF5D-1890013FF9BF}.Release|iPhoneSimulator.Build.0 = Release|Any CPU
		{8B0312A1-965C-4AEC-BF5D-1890013FF9BF}.Release|iPhoneSimulator.Deploy.0 = Release|Any CPU
		{8B0312A1-965C-4AEC-BF5D-1890013FF9BF}.Release|x64.ActiveCfg = Release|Any CPU
		{8B0312A1-965C-4AEC-BF5D-1890013FF9BF}.Release|x64.Build.0 = Release|Any CPU
		{8B0312A1-965C-4AEC-BF5D-1890013FF9BF}.Release|x64.Deploy.0 = Release|Any CPU
		{8B0312A1-965C-4AEC-BF5D-1890013FF9BF}.Release|x86.ActiveCfg = Release|Any CPU
		{8B0312A1-965C-4AEC-BF5D-1890013FF9BF}.Release|x86.Build.0 = Release|Any CPU
		{8B0312A1-965C-4AEC-BF5D-1890013FF9BF}.Release|x86.Deploy.0 = Release|Any CPU
		{E33283BA-F39F-4165-B7F4-E61B4F889D60}.Ad-Hoc|Any CPU.ActiveCfg = Ad-Hoc|iPhone
		{E33283BA-F39F-4165-B7F4-E61B4F889D60}.Ad-Hoc|ARM.ActiveCfg = Ad-Hoc|iPhone
		{E33283BA-F39F-4165-B7F4-E61B4F889D60}.Ad-Hoc|iPhone.ActiveCfg = Ad-Hoc|iPhone
		{E33283BA-F39F-4165-B7F4-E61B4F889D60}.Ad-Hoc|iPhone.Build.0 = Ad-Hoc|iPhone
		{E33283BA-F39F-4165-B7F4-E61B4F889D60}.Ad-Hoc|iPhoneSimulator.ActiveCfg = Ad-Hoc|iPhoneSimulator
		{E33283BA-F39F-4165-B7F4-E61B4F889D60}.Ad-Hoc|iPhoneSimulator.Build.0 = Ad-Hoc|iPhoneSimulator
		{E33283BA-F39F-4165-B7F4-E61B4F889D60}.Ad-Hoc|x64.ActiveCfg = Ad-Hoc|iPhone
		{E33283BA-F39F-4165-B7F4-E61B4F889D60}.Ad-Hoc|x86.ActiveCfg = Ad-Hoc|iPhone
		{E33283BA-F39F-4165-B7F4-E61B4F889D60}.AppStore|Any CPU.ActiveCfg = AppStore|iPhone
		{E33283BA-F39F-4165-B7F4-E61B4F889D60}.AppStore|ARM.ActiveCfg = AppStore|iPhone
		{E33283BA-F39F-4165-B7F4-E61B4F889D60}.AppStore|iPhone.ActiveCfg = AppStore|iPhone
		{E33283BA-F39F-4165-B7F4-E61B4F889D60}.AppStore|iPhone.Build.0 = AppStore|iPhone
		{E33283BA-F39F-4165-B7F4-E61B4F889D60}.AppStore|iPhoneSimulator.ActiveCfg = AppStore|iPhoneSimulator
		{E33283BA-F39F-4165-B7F4-E61B4F889D60}.AppStore|iPhoneSimulator.Build.0 = AppStore|iPhoneSimulator
		{E33283BA-F39F-4165-B7F4-E61B4F889D60}.AppStore|x64.ActiveCfg = AppStore|iPhone
		{E33283BA-F39F-4165-B7F4-E61B4F889D60}.AppStore|x86.ActiveCfg = AppStore|iPhone
		{E33283BA-F39F-4165-B7F4-E61B4F889D60}.Debug|Any CPU.ActiveCfg = Debug|iPhone
		{E33283BA-F39F-4165-B7F4-E61B4F889D60}.Debug|ARM.ActiveCfg = Debug|iPhone
		{E33283BA-F39F-4165-B7F4-E61B4F889D60}.Debug|iPhone.ActiveCfg = Debug|iPhone
		{E33283BA-F39F-4165-B7F4-E61B4F889D60}.Debug|iPhone.Build.0 = Debug|iPhone
		{E33283BA-F39F-4165-B7F4-E61B4F889D60}.Debug|iPhoneSimulator.ActiveCfg = Debug|iPhoneSimulator
		{E33283BA-F39F-4165-B7F4-E61B4F889D60}.Debug|iPhoneSimulator.Build.0 = Debug|iPhoneSimulator
		{E33283BA-F39F-4165-B7F4-E61B4F889D60}.Debug|x64.ActiveCfg = Debug|iPhone
		{E33283BA-F39F-4165-B7F4-E61B4F889D60}.Debug|x86.ActiveCfg = Debug|iPhone
		{E33283BA-F39F-4165-B7F4-E61B4F889D60}.Release|Any CPU.ActiveCfg = Release|iPhone
		{E33283BA-F39F-4165-B7F4-E61B4F889D60}.Release|ARM.ActiveCfg = Release|iPhone
		{E33283BA-F39F-4165-B7F4-E61B4F889D60}.Release|iPhone.ActiveCfg = Release|iPhone
		{E33283BA-F39F-4165-B7F4-E61B4F889D60}.Release|iPhone.Build.0 = Release|iPhone
		{E33283BA-F39F-4165-B7F4-E61B4F889D60}.Release|iPhoneSimulator.ActiveCfg = Release|iPhoneSimulator
		{E33283BA-F39F-4165-B7F4-E61B4F889D60}.Release|iPhoneSimulator.Build.0 = Release|iPhoneSimulator
		{E33283BA-F39F-4165-B7F4-E61B4F889D60}.Release|x64.ActiveCfg = Release|iPhone
		{E33283BA-F39F-4165-B7F4-E61B4F889D60}.Release|x86.ActiveCfg = Release|iPhone
		{CF32CA45-4420-47F1-B0C2-351257C6AD8A}.Ad-Hoc|Any CPU.ActiveCfg = Release|Any CPU
		{CF32CA45-4420-47F1-B0C2-351257C6AD8A}.Ad-Hoc|Any CPU.Build.0 = Release|Any CPU
		{CF32CA45-4420-47F1-B0C2-351257C6AD8A}.Ad-Hoc|ARM.ActiveCfg = Release|Any CPU
		{CF32CA45-4420-47F1-B0C2-351257C6AD8A}.Ad-Hoc|ARM.Build.0 = Release|Any CPU
		{CF32CA45-4420-47F1-B0C2-351257C6AD8A}.Ad-Hoc|iPhone.ActiveCfg = Release|Any CPU
		{CF32CA45-4420-47F1-B0C2-351257C6AD8A}.Ad-Hoc|iPhone.Build.0 = Release|Any CPU
		{CF32CA45-4420-47F1-B0C2-351257C6AD8A}.Ad-Hoc|iPhoneSimulator.ActiveCfg = Release|Any CPU
		{CF32CA45-4420-47F1-B0C2-351257C6AD8A}.Ad-Hoc|iPhoneSimulator.Build.0 = Release|Any CPU
		{CF32CA45-4420-47F1-B0C2-351257C6AD8A}.Ad-Hoc|x64.ActiveCfg = Release|Any CPU
		{CF32CA45-4420-47F1-B0C2-351257C6AD8A}.Ad-Hoc|x64.Build.0 = Release|Any CPU
		{CF32CA45-4420-47F1-B0C2-351257C6AD8A}.Ad-Hoc|x86.ActiveCfg = Release|Any CPU
		{CF32CA45-4420-47F1-B0C2-351257C6AD8A}.Ad-Hoc|x86.Build.0 = Release|Any CPU
		{CF32CA45-4420-47F1-B0C2-351257C6AD8A}.AppStore|Any CPU.ActiveCfg = Release|Any CPU
		{CF32CA45-4420-47F1-B0C2-351257C6AD8A}.AppStore|Any CPU.Build.0 = Release|Any CPU
		{CF32CA45-4420-47F1-B0C2-351257C6AD8A}.AppStore|ARM.ActiveCfg = Release|Any CPU
		{CF32CA45-4420-47F1-B0C2-351257C6AD8A}.AppStore|ARM.Build.0 = Release|Any CPU
		{CF32CA45-4420-47F1-B0C2-351257C6AD8A}.AppStore|iPhone.ActiveCfg = Release|Any CPU
		{CF32CA45-4420-47F1-B0C2-351257C6AD8A}.AppStore|iPhone.Build.0 = Release|Any CPU
		{CF32CA45-4420-47F1-B0C2-351257C6AD8A}.AppStore|iPhoneSimulator.ActiveCfg = Release|Any CPU
		{CF32CA45-4420-47F1-B0C2-351257C6AD8A}.AppStore|iPhoneSimulator.Build.0 = Release|Any CPU
		{CF32CA45-4420-47F1-B0C2-351257C6AD8A}.AppStore|x64.ActiveCfg = Release|Any CPU
		{CF32CA45-4420-47F1-B0C2-351257C6AD8A}.AppStore|x64.Build.0 = Release|Any CPU
		{CF32CA45-4420-47F1-B0C2-351257C6AD8A}.AppStore|x86.ActiveCfg = Release|Any CPU
		{CF32CA45-4420-47F1-B0C2-351257C6AD8A}.AppStore|x86.Build.0 = Release|Any CPU
		{CF32CA45-4420-47F1-B0C2-351257C6AD8A}.Debug|Any CPU.ActiveCfg = Debug|Any CPU
		{CF32CA45-4420-47F1-B0C2-351257C6AD8A}.Debug|Any CPU.Build.0 = Debug|Any CPU
		{CF32CA45-4420-47F1-B0C2-351257C6AD8A}.Debug|ARM.ActiveCfg = Debug|Any CPU
		{CF32CA45-4420-47F1-B0C2-351257C6AD8A}.Debug|ARM.Build.0 = Debug|Any CPU
		{CF32CA45-4420-47F1-B0C2-351257C6AD8A}.Debug|iPhone.ActiveCfg = Debug|Any CPU
		{CF32CA45-4420-47F1-B0C2-351257C6AD8A}.Debug|iPhone.Build.0 = Debug|Any CPU
		{CF32CA45-4420-47F1-B0C2-351257C6AD8A}.Debug|iPhoneSimulator.ActiveCfg = Debug|Any CPU
		{CF32CA45-4420-47F1-B0C2-351257C6AD8A}.Debug|iPhoneSimulator.Build.0 = Debug|Any CPU
		{CF32CA45-4420-47F1-B0C2-351257C6AD8A}.Debug|x64.ActiveCfg = Debug|Any CPU
		{CF32CA45-4420-47F1-B0C2-351257C6AD8A}.Debug|x64.Build.0 = Debug|Any CPU
		{CF32CA45-4420-47F1-B0C2-351257C6AD8A}.Debug|x86.ActiveCfg = Debug|Any CPU
		{CF32CA45-4420-47F1-B0C2-351257C6AD8A}.Debug|x86.Build.0 = Debug|Any CPU
		{CF32CA45-4420-47F1-B0C2-351257C6AD8A}.Release|Any CPU.ActiveCfg = Release|Any CPU
		{CF32CA45-4420-47F1-B0C2-351257C6AD8A}.Release|Any CPU.Build.0 = Release|Any CPU
		{CF32CA45-4420-47F1-B0C2-351257C6AD8A}.Release|ARM.ActiveCfg = Release|Any CPU
		{CF32CA45-4420-47F1-B0C2-351257C6AD8A}.Release|ARM.Build.0 = Release|Any CPU
		{CF32CA45-4420-47F1-B0C2-351257C6AD8A}.Release|iPhone.ActiveCfg = Release|Any CPU
		{CF32CA45-4420-47F1-B0C2-351257C6AD8A}.Release|iPhone.Build.0 = Release|Any CPU
		{CF32CA45-4420-47F1-B0C2-351257C6AD8A}.Release|iPhoneSimulator.ActiveCfg = Release|Any CPU
		{CF32CA45-4420-47F1-B0C2-351257C6AD8A}.Release|iPhoneSimulator.Build.0 = Release|Any CPU
		{CF32CA45-4420-47F1-B0C2-351257C6AD8A}.Release|x64.ActiveCfg = Release|Any CPU
		{CF32CA45-4420-47F1-B0C2-351257C6AD8A}.Release|x64.Build.0 = Release|Any CPU
		{CF32CA45-4420-47F1-B0C2-351257C6AD8A}.Release|x86.ActiveCfg = Release|Any CPU
		{CF32CA45-4420-47F1-B0C2-351257C6AD8A}.Release|x86.Build.0 = Release|Any CPU
	EndGlobalSection
	GlobalSection(SolutionProperties) = preSolution
		HideSolutionNode = FALSE
	EndGlobalSection
EndGlobal
